
Microsoft Visual Studio Solution File, Format Version 12.00
# Visual Studio Version 17
VisualStudioVersion = 17.11.35219.272
MinimumVisualStudioVersion = 10.0.40219.1
Project("{9A19103F-16F7-4668-BE54-9A1E7A4F7556}") = "Store.Data", "Store.Data.csproj", "{07199996-667D-4CCB-BDFE-2F0991D6A7E1}"
EndProject
Project("{9A19103F-16F7-4668-BE54-9A1E7A4F7556}") = "Store.Repository", "..\Store.Repository\Store.Repository.csproj", "{7DB4DB58-F94B-4583-A915-45AD12F5B81B}"
EndProject
Project("{9A19103F-16F7-4668-BE54-9A1E7A4F7556}") = "Store.Services", "..\Store.Services\Store.Services.csproj", "{3097124F-223C-4346-9232-7563460E8AF0}"
EndProject
Project("{9A19103F-16F7-4668-BE54-9A1E7A4F7556}") = "Store.Web", "..\Store.Web\Store.Web.csproj", "{04AFBE33-C44D-4B72-B8C2-68E8680C4FCD}"
EndProject
Global
	GlobalSection(SolutionConfigurationPlatforms) = preSolution
		Debug|Any CPU = Debug|Any CPU
		Release|Any CPU = Release|Any CPU
	EndGlobalSection
	GlobalSection(ProjectConfigurationPlatforms) = postSolution
		{07199996-667D-4CCB-BDFE-2F0991D6A7E1}.Debug|Any CPU.ActiveCfg = Debug|Any CPU
		{07199996-667D-4CCB-BDFE-2F0991D6A7E1}.Debug|Any CPU.Build.0 = Debug|Any CPU
		{07199996-667D-4CCB-BDFE-2F0991D6A7E1}.Release|Any CPU.ActiveCfg = Release|Any CPU
		{07199996-667D-4CCB-BDFE-2F0991D6A7E1}.Release|Any CPU.Build.0 = Release|Any CPU
		{7DB4DB58-F94B-4583-A915-45AD12F5B81B}.Debug|Any CPU.ActiveCfg = Debug|Any CPU
		{7DB4DB58-F94B-4583-A915-45AD12F5B81B}.Debug|Any CPU.Build.0 = Debug|Any CPU
		{7DB4DB58-F94B-4583-A915-45AD12F5B81B}.Release|Any CPU.ActiveCfg = Release|Any CPU
		{7DB4DB58-F94B-4583-A915-45AD12F5B81B}.Release|Any CPU.Build.0 = Release|Any CPU
		{3097124F-223C-4346-9232-7563460E8AF0}.Debug|Any CPU.ActiveCfg = Debug|Any CPU
		{3097124F-223C-4346-9232-7563460E8AF0}.Debug|Any CPU.Build.0 = Debug|Any CPU
		{3097124F-223C-4346-9232-7563460E8AF0}.Release|Any CPU.ActiveCfg = Release|Any CPU
		{3097124F-223C-4346-9232-7563460E8AF0}.Release|Any CPU.Build.0 = Release|Any CPU
		{04AFBE33-C44D-4B72-B8C2-68E8680C4FCD}.Debug|Any CPU.ActiveCfg = Debug|Any CPU
		{04AFBE33-C44D-4B72-B8C2-68E8680C4FCD}.Debug|Any CPU.Build.0 = Debug|Any CPU
		{04AFBE33-C44D-4B72-B8C2-68E8680C4FCD}.Release|Any CPU.ActiveCfg = Release|Any CPU
		{04AFBE33-C44D-4B72-B8C2-68E8680C4FCD}.Release|Any CPU.Build.0 = Release|Any CPU
	EndGlobalSection
	GlobalSection(SolutionProperties) = preSolution
		HideSolutionNode = FALSE
	EndGlobalSection
	GlobalSection(ExtensibilityGlobals) = postSolution
		SolutionGuid = {A2B11D96-6615-49C6-B651-469F0BC54C1F}
	EndGlobalSection
EndGlobal
